
Microsoft Visual Studio Solution File, Format Version 12.00
# Visual Studio Version 17
VisualStudioVersion = 17.9.34607.119
MinimumVisualStudioVersion = 10.0.40219.1
Project("{FAE04EC0-301F-11D3-BF4B-00C04F79EFBC}") = "LB_9_V1", "LB_9_V1\LB_9_V1.csproj", "{3893C4B5-C641-47D6-80D7-49DCA1AB1453}"
EndProject
Project("{FAE04EC0-301F-11D3-BF4B-00C04F79EFBC}") = "LB_9_V1.Domain", "LB_9_V1.Domain\LB_9_V1.Domain.csproj", "{45D216AE-338F-4482-8DD9-E3F1D5189619}"
EndProject
Project("{FAE04EC0-301F-11D3-BF4B-00C04F79EFBC}") = "LB_9_V1.TestData", "LB_9_V1.TestData\LB_9_V1.TestData.csproj", "{1AEBF19A-F3BD-477D-9ACC-C99BBDABB4FF}"
EndProject
Global
	GlobalSection(SolutionConfigurationPlatforms) = preSolution
		Debug|Any CPU = Debug|Any CPU
		Release|Any CPU = Release|Any CPU
	EndGlobalSection
	GlobalSection(ProjectConfigurationPlatforms) = postSolution
		{3893C4B5-C641-47D6-80D7-49DCA1AB1453}.Debug|Any CPU.ActiveCfg = Debug|Any CPU
		{3893C4B5-C641-47D6-80D7-49DCA1AB1453}.Debug|Any CPU.Build.0 = Debug|Any CPU
		{3893C4B5-C641-47D6-80D7-49DCA1AB1453}.Release|Any CPU.ActiveCfg = Release|Any CPU
		{3893C4B5-C641-47D6-80D7-49DCA1AB1453}.Release|Any CPU.Build.0 = Release|Any CPU
		{45D216AE-338F-4482-8DD9-E3F1D5189619}.Debug|Any CPU.ActiveCfg = Debug|Any CPU
		{45D216AE-338F-4482-8DD9-E3F1D5189619}.Debug|Any CPU.Build.0 = Debug|Any CPU
		{45D216AE-338F-4482-8DD9-E3F1D5189619}.Release|Any CPU.ActiveCfg = Release|Any CPU
		{45D216AE-338F-4482-8DD9-E3F1D5189619}.Release|Any CPU.Build.0 = Release|Any CPU
		{1AEBF19A-F3BD-477D-9ACC-C99BBDABB4FF}.Debug|Any CPU.ActiveCfg = Debug|Any CPU
		{1AEBF19A-F3BD-477D-9ACC-C99BBDABB4FF}.Debug|Any CPU.Build.0 = Debug|Any CPU
		{1AEBF19A-F3BD-477D-9ACC-C99BBDABB4FF}.Release|Any CPU.ActiveCfg = Release|Any CPU
		{1AEBF19A-F3BD-477D-9ACC-C99BBDABB4FF}.Release|Any CPU.Build.0 = Release|Any CPU
	EndGlobalSection
	GlobalSection(SolutionProperties) = preSolution
		HideSolutionNode = FALSE
	EndGlobalSection
	GlobalSection(ExtensibilityGlobals) = postSolution
		SolutionGuid = {A960382C-E458-41A4-BF6C-1FEBE2E65836}
	EndGlobalSection
EndGlobal
